
Microsoft Visual Studio Solution File, Format Version 10.00
# Visual Studio 2008
Project("{8BC9CEB8-8B4A-11D0-8D11-00A0C91BC942}") = "opencvdemo", "opencvdemo\opencvdemo.vcproj", "{F0D10211-D9A4-4BE6-A6AC-87AD2904B76E}"
EndProject
Project("{8BC9CEB8-8B4A-11D0-8D11-00A0C91BC942}") = "stitching", "stitching\stitching.vcproj", "{6155265A-A909-4AF5-86F3-BA23048626FC}"
EndProject
Project("{8BC9CEB8-8B4A-11D0-8D11-00A0C91BC942}") = "fisheye", "fisheye\fisheye.vcproj", "{3604FBD9-654F-43CF-A725-DDB77E3A0146}"
EndProject
Project("{8BC9CEB8-8B4A-11D0-8D11-00A0C91BC942}") = "resize", "resize\resize.vcproj", "{7114B57A-5C89-4C2C-8BCE-2E206E7CB11F}"
EndProject
Project("{8BC9CEB8-8B4A-11D0-8D11-00A0C91BC942}") = "rotate_plane", "rotate_plane\rotate_plane.vcproj", "{3391B051-84AF-431C-860A-A6F7AF92BBD6}"
EndProject
Project("{8BC9CEB8-8B4A-11D0-8D11-00A0C91BC942}") = "fisheyedemo", "fisheyedemo\fisheyedemo.vcproj", "{5EE88351-157B-4B92-9C12-F756E4434799}"
EndProject
Project("{8BC9CEB8-8B4A-11D0-8D11-00A0C91BC942}") = "fisheyeimage", "fisheyeimage\fisheyeimage.vcproj", "{B6D45748-64FF-4E53-B432-5D3D57D3B345}"
EndProject
Project("{8BC9CEB8-8B4A-11D0-8D11-00A0C91BC942}") = "rotate3d", "rotate3d\rotate3d.vcproj", "{1572B760-6443-41BD-B88A-168157004E49}"
EndProject
Project("{8BC9CEB8-8B4A-11D0-8D11-00A0C91BC942}") = "perspective", "perspective\perspective.vcproj", "{93B6D9A4-88A0-4DC5-9941-2C302FC277B3}"
EndProject
Project("{8BC9CEB8-8B4A-11D0-8D11-00A0C91BC942}") = "birdview", "birdview\birdview.vcproj", "{78DB2188-AFFC-495E-986F-5336218663E5}"
EndProject
Project("{8BC9CEB8-8B4A-11D0-8D11-00A0C91BC942}") = "chessboard_stitch", "chessboard_stitch\chessboard_stitch.vcproj", "{4103211F-1B4D-4214-830E-BB40D359EE5E}"
EndProject
Project("{8BC9CEB8-8B4A-11D0-8D11-00A0C91BC942}") = "gldemo", "gldemo\gldemo.vcproj", "{88309951-C9A0-4674-8DF8-4EA2EDEEB03D}"
EndProject
Project("{8BC9CEB8-8B4A-11D0-8D11-00A0C91BC942}") = "glutdemo", "glutdemo\glutdemo.vcproj", "{FCF3BEFB-0D4A-4008-A1EC-34656773643B}"
EndProject
Project("{8BC9CEB8-8B4A-11D0-8D11-00A0C91BC942}") = "transform_stitch", "transform_stitch\transform_stitch.vcproj", "{E84E7CAA-1C7E-42FB-988B-53B23BE1DEC4}"
EndProject
Project("{8BC9CEB8-8B4A-11D0-8D11-00A0C91BC942}") = "navigator", "navigator\navigator.vcproj", "{08D40F48-EE25-450F-A7E0-31C064B26EC3}"
EndProject
Project("{8BC9CEB8-8B4A-11D0-8D11-00A0C91BC942}") = "fisheyecali", "fisheyecali\fisheyecali.vcproj", "{6C224F48-B688-44EE-8B70-D94FDA266647}"
EndProject
Global
	GlobalSection(SolutionConfigurationPlatforms) = preSolution
		Debug|Win32 = Debug|Win32
		Release|Win32 = Release|Win32
	EndGlobalSection
	GlobalSection(ProjectConfigurationPlatforms) = postSolution
		{F0D10211-D9A4-4BE6-A6AC-87AD2904B76E}.Debug|Win32.ActiveCfg = Debug|Win32
		{F0D10211-D9A4-4BE6-A6AC-87AD2904B76E}.Debug|Win32.Build.0 = Debug|Win32
		{F0D10211-D9A4-4BE6-A6AC-87AD2904B76E}.Release|Win32.ActiveCfg = Release|Win32
		{F0D10211-D9A4-4BE6-A6AC-87AD2904B76E}.Release|Win32.Build.0 = Release|Win32
		{6155265A-A909-4AF5-86F3-BA23048626FC}.Debug|Win32.ActiveCfg = Debug|Win32
		{6155265A-A909-4AF5-86F3-BA23048626FC}.Debug|Win32.Build.0 = Debug|Win32
		{6155265A-A909-4AF5-86F3-BA23048626FC}.Release|Win32.ActiveCfg = Release|Win32
		{6155265A-A909-4AF5-86F3-BA23048626FC}.Release|Win32.Build.0 = Release|Win32
		{3604FBD9-654F-43CF-A725-DDB77E3A0146}.Debug|Win32.ActiveCfg = Debug|Win32
		{3604FBD9-654F-43CF-A725-DDB77E3A0146}.Debug|Win32.Build.0 = Debug|Win32
		{3604FBD9-654F-43CF-A725-DDB77E3A0146}.Release|Win32.ActiveCfg = Release|Win32
		{3604FBD9-654F-43CF-A725-DDB77E3A0146}.Release|Win32.Build.0 = Release|Win32
		{7114B57A-5C89-4C2C-8BCE-2E206E7CB11F}.Debug|Win32.ActiveCfg = Debug|Win32
		{7114B57A-5C89-4C2C-8BCE-2E206E7CB11F}.Debug|Win32.Build.0 = Debug|Win32
		{7114B57A-5C89-4C2C-8BCE-2E206E7CB11F}.Release|Win32.ActiveCfg = Release|Win32
		{7114B57A-5C89-4C2C-8BCE-2E206E7CB11F}.Release|Win32.Build.0 = Release|Win32
		{3391B051-84AF-431C-860A-A6F7AF92BBD6}.Debug|Win32.ActiveCfg = Debug|Win32
		{3391B051-84AF-431C-860A-A6F7AF92BBD6}.Debug|Win32.Build.0 = Debug|Win32
		{3391B051-84AF-431C-860A-A6F7AF92BBD6}.Release|Win32.ActiveCfg = Release|Win32
		{3391B051-84AF-431C-860A-A6F7AF92BBD6}.Release|Win32.Build.0 = Release|Win32
		{5EE88351-157B-4B92-9C12-F756E4434799}.Debug|Win32.ActiveCfg = Debug|Win32
		{5EE88351-157B-4B92-9C12-F756E4434799}.Debug|Win32.Build.0 = Debug|Win32
		{5EE88351-157B-4B92-9C12-F756E4434799}.Release|Win32.ActiveCfg = Release|Win32
		{5EE88351-157B-4B92-9C12-F756E4434799}.Release|Win32.Build.0 = Release|Win32
		{B6D45748-64FF-4E53-B432-5D3D57D3B345}.Debug|Win32.ActiveCfg = Debug|Win32
		{B6D45748-64FF-4E53-B432-5D3D57D3B345}.Debug|Win32.Build.0 = Debug|Win32
		{B6D45748-64FF-4E53-B432-5D3D57D3B345}.Release|Win32.ActiveCfg = Release|Win32
		{B6D45748-64FF-4E53-B432-5D3D57D3B345}.Release|Win32.Build.0 = Release|Win32
		{1572B760-6443-41BD-B88A-168157004E49}.Debug|Win32.ActiveCfg = Debug|Win32
		{1572B760-6443-41BD-B88A-168157004E49}.Debug|Win32.Build.0 = Debug|Win32
		{1572B760-6443-41BD-B88A-168157004E49}.Release|Win32.ActiveCfg = Release|Win32
		{1572B760-6443-41BD-B88A-168157004E49}.Release|Win32.Build.0 = Release|Win32
		{93B6D9A4-88A0-4DC5-9941-2C302FC277B3}.Debug|Win32.ActiveCfg = Debug|Win32
		{93B6D9A4-88A0-4DC5-9941-2C302FC277B3}.Debug|Win32.Build.0 = Debug|Win32
		{93B6D9A4-88A0-4DC5-9941-2C302FC277B3}.Release|Win32.ActiveCfg = Release|Win32
		{93B6D9A4-88A0-4DC5-9941-2C302FC277B3}.Release|Win32.Build.0 = Release|Win32
		{78DB2188-AFFC-495E-986F-5336218663E5}.Debug|Win32.ActiveCfg = Debug|Win32
		{78DB2188-AFFC-495E-986F-5336218663E5}.Debug|Win32.Build.0 = Debug|Win32
		{78DB2188-AFFC-495E-986F-5336218663E5}.Release|Win32.ActiveCfg = Release|Win32
		{78DB2188-AFFC-495E-986F-5336218663E5}.Release|Win32.Build.0 = Release|Win32
		{4103211F-1B4D-4214-830E-BB40D359EE5E}.Debug|Win32.ActiveCfg = Debug|Win32
		{4103211F-1B4D-4214-830E-BB40D359EE5E}.Debug|Win32.Build.0 = Debug|Win32
		{4103211F-1B4D-4214-830E-BB40D359EE5E}.Release|Win32.ActiveCfg = Release|Win32
		{4103211F-1B4D-4214-830E-BB40D359EE5E}.Release|Win32.Build.0 = Release|Win32
		{88309951-C9A0-4674-8DF8-4EA2EDEEB03D}.Debug|Win32.ActiveCfg = Debug|Win32
		{88309951-C9A0-4674-8DF8-4EA2EDEEB03D}.Debug|Win32.Build.0 = Debug|Win32
		{88309951-C9A0-4674-8DF8-4EA2EDEEB03D}.Release|Win32.ActiveCfg = Release|Win32
		{88309951-C9A0-4674-8DF8-4EA2EDEEB03D}.Release|Win32.Build.0 = Release|Win32
		{FCF3BEFB-0D4A-4008-A1EC-34656773643B}.Debug|Win32.ActiveCfg = Debug|Win32
		{FCF3BEFB-0D4A-4008-A1EC-34656773643B}.Debug|Win32.Build.0 = Debug|Win32
		{FCF3BEFB-0D4A-4008-A1EC-34656773643B}.Release|Win32.ActiveCfg = Release|Win32
		{FCF3BEFB-0D4A-4008-A1EC-34656773643B}.Release|Win32.Build.0 = Release|Win32
		{E84E7CAA-1C7E-42FB-988B-53B23BE1DEC4}.Debug|Win32.ActiveCfg = Debug|Win32
		{E84E7CAA-1C7E-42FB-988B-53B23BE1DEC4}.Debug|Win32.Build.0 = Debug|Win32
		{E84E7CAA-1C7E-42FB-988B-53B23BE1DEC4}.Release|Win32.ActiveCfg = Release|Win32
		{E84E7CAA-1C7E-42FB-988B-53B23BE1DEC4}.Release|Win32.Build.0 = Release|Win32
		{08D40F48-EE25-450F-A7E0-31C064B26EC3}.Debug|Win32.ActiveCfg = Debug|Win32
		{08D40F48-EE25-450F-A7E0-31C064B26EC3}.Debug|Win32.Build.0 = Debug|Win32
		{08D40F48-EE25-450F-A7E0-31C064B26EC3}.Release|Win32.ActiveCfg = Release|Win32
		{08D40F48-EE25-450F-A7E0-31C064B26EC3}.Release|Win32.Build.0 = Release|Win32
		{6C224F48-B688-44EE-8B70-D94FDA266647}.Debug|Win32.ActiveCfg = Debug|Win32
		{6C224F48-B688-44EE-8B70-D94FDA266647}.Debug|Win32.Build.0 = Debug|Win32
		{6C224F48-B688-44EE-8B70-D94FDA266647}.Release|Win32.ActiveCfg = Release|Win32
		{6C224F48-B688-44EE-8B70-D94FDA266647}.Release|Win32.Build.0 = Release|Win32
	EndGlobalSection
	GlobalSection(SolutionProperties) = preSolution
		HideSolutionNode = FALSE
	EndGlobalSection
EndGlobal
